Microsoft Visual Studio Solution File, Format Version 12.00
# Visual Studio Version 17
VisualStudioVersion = 17.5.2.0
MinimumVisualStudioVersion = 10.0.40219.1
Project("{FAE04EC0-301F-11D3-BF4B-00C04F79EFBC}") = "ProjetoChallengeMottu", "ProjetoChallengeMottu.csproj", "{B69FDCEB-579B-ACF5-EF28-DBE1BF873CF1}"
EndProject
Global
	GlobalSection(SolutionConfigurationPlatforms) = preSolution
		Debug|Any CPU = Debug|Any CPU
		Release|Any CPU = Release|Any CPU
	EndGlobalSection
	GlobalSection(ProjectConfigurationPlatforms) = postSolution
		{B69FDCEB-579B-ACF5-EF28-DBE1BF873CF1}.Debug|Any CPU.ActiveCfg = Debug|Any CPU
		{B69FDCEB-579B-ACF5-EF28-DBE1BF873CF1}.Debug|Any CPU.Build.0 = Debug|Any CPU
		{B69FDCEB-579B-ACF5-EF28-DBE1BF873CF1}.Release|Any CPU.ActiveCfg = Release|Any CPU
		{B69FDCEB-579B-ACF5-EF28-DBE1BF873CF1}.Release|Any CPU.Build.0 = Release|Any CPU
	EndGlobalSection
	GlobalSection(SolutionProperties) = preSolution
		HideSolutionNode = FALSE
	EndGlobalSection
	GlobalSection(ExtensibilityGlobals) = postSolution
		SolutionGuid = {D8E4E924-97D5-4D8E-8C80-4B3BF5A5C4A9}
	EndGlobalSection
EndGlobal
